
Microsoft Visual Studio Solution File, Format Version 12.00
# Visual Studio Version 17
VisualStudioVersion = 17.8.34309.116
MinimumVisualStudioVersion = 10.0.40219.1
Project("{FAE04EC0-301F-11D3-BF4B-00C04F79EFBC}") = "CompanyHub", "CompanyHub.csproj", "{638B94DD-AACE-454B-BAF1-E1F547434C98}"
EndProject
Global
	GlobalSection(SolutionConfigurationPlatforms) = preSolution
		Debug|Any CPU = Debug|Any CPU
		Release|Any CPU = Release|Any CPU
	EndGlobalSection
	GlobalSection(ProjectConfigurationPlatforms) = postSolution
		{638B94DD-AACE-454B-BAF1-E1F547434C98}.Debug|Any CPU.ActiveCfg = Debug|Any CPU
		{638B94DD-AACE-454B-BAF1-E1F547434C98}.Debug|Any CPU.Build.0 = Debug|Any CPU
		{638B94DD-AACE-454B-BAF1-E1F547434C98}.Release|Any CPU.ActiveCfg = Release|Any CPU
		{638B94DD-AACE-454B-BAF1-E1F547434C98}.Release|Any CPU.Build.0 = Release|Any CPU
	EndGlobalSection
	GlobalSection(SolutionProperties) = preSolution
		HideSolutionNode = FALSE
	EndGlobalSection
	GlobalSection(ExtensibilityGlobals) = postSolution
		SolutionGuid = {D4FB83B1-0BFF-43F1-9197-77BD57F5F501}
	EndGlobalSection
EndGlobal
